// !$*UTF8*$!
{
	archiveVersion = 1;
	classes = {
	};
	objectVersion = 56;
	objects = {

/* Begin PBXBuildFile section */
		41F9BED92B4E1DEB00C49300 /* SwiftUIPDFsApp.swift in Sources */ = {isa = PBXBuildFile; fileRef = 41F9BED82B4E1DEB00C49300 /* SwiftUIPDFsApp.swift */; };
		41F9BEDB2B4E1DEB00C49300 /* SharePDFView.swift in Sources */ = {isa = PBXBuildFile; fileRef = 41F9BEDA2B4E1DEB00C49300 /* SharePDFView.swift */; };
		41F9BEDD2B4E1DEC00C49300 /* Assets.xcassets in Resources */ = {isa = PBXBuildFile; fileRef = 41F9BEDC2B4E1DEC00C49300 /* Assets.xcassets */; };
		41F9BEE02B4E1DEC00C49300 /* Preview Assets.xcassets in Resources */ = {isa = PBXBuildFile; fileRef = 41F9BEDF2B4E1DEC00C49300 /* Preview Assets.xcassets */; };
		41F9BEE72B4E208200C49300 /* PDFView.swift in Sources */ = {isa = PBXBuildFile; fileRef = 41F9BEE62B4E208200C49300 /* PDFView.swift */; };
		41F9BEEB2B4E21C200C49300 /* PDFCreator.swift in Sources */ = {isa = PBXBuildFile; fileRef = 41F9BEEA2B4E21C200C49300 /* PDFCreator.swift */; };
		41F9BEEF2B4E3ABF00C49300 /* PDFInfo.swift in Sources */ = {isa = PBXBuildFile; fileRef = 41F9BEEE2B4E3ABF00C49300 /* PDFInfo.swift */; };
		41F9BEF12B4E3DD100C49300 /* Constants.swift in Sources */ = {isa = PBXBuildFile; fileRef = 41F9BEF02B4E3DD100C49300 /* Constants.swift */; };
/* End PBXBuildFile section */

/* Begin PBXFileReference section */
		41F9BED52B4E1DEB00C49300 /* SwiftUIPDFs.app */ = {isa = PBXFileReference; explicitFileType = wrapper.application; includeInIndex = 0; path = SwiftUIPDFs.app; sourceTree = BUILT_PRODUCTS_DIR; };
		41F9BED82B4E1DEB00C49300 /* SwiftUIPDFsApp.swift */ = {isa = PBXFileReference; lastKnownFileType = sourcecode.swift; path = SwiftUIPDFsApp.swift; sourceTree = "<group>"; };
		41F9BEDA2B4E1DEB00C49300 /* SharePDFView.swift */ = {isa = PBXFileReference; lastKnownFileType = sourcecode.swift; path = SharePDFView.swift; sourceTree = "<group>"; };
		41F9BEDC2B4E1DEC00C49300 /* Assets.xcassets */ = {isa = PBXFileReference; lastKnownFileType = folder.assetcatalog; path = Assets.xcassets; sourceTree = "<group>"; };
		41F9BEDF2B4E1DEC00C49300 /* Preview Assets.xcassets */ = {isa = PBXFileReference; lastKnownFileType = folder.assetcatalog; path = "Preview Assets.xcassets"; sourceTree = "<group>"; };
		41F9BEE62B4E208200C49300 /* PDFView.swift */ = {isa = PBXFileReference; lastKnownFileType = sourcecode.swift; path = PDFView.swift; sourceTree = "<group>"; };
		41F9BEEA2B4E21C200C49300 /* PDFCreator.swift */ = {isa = PBXFileReference; lastKnownFileType = sourcecode.swift; path = PDFCreator.swift; sourceTree = "<group>"; };
		41F9BEEE2B4E3ABF00C49300 /* PDFInfo.swift */ = {isa = PBXFileReference; lastKnownFileType = sourcecode.swift; path = PDFInfo.swift; sourceTree = "<group>"; };
		41F9BEF02B4E3DD100C49300 /* Constants.swift */ = {isa = PBXFileReference; lastKnownFileType = sourcecode.swift; path = Constants.swift; sourceTree = "<group>"; };
/* End PBXFileReference section */

/* Begin PBXFrameworksBuildPhase section */
		41F9BED22B4E1DEB00C49300 /* Frameworks */ = {
			isa = PBXFrameworksBuildPhase;
			buildActionMask = 2147483647;
			files = (
			);
			runOnlyForDeploymentPostprocessing = 0;
		};
/* End PBXFrameworksBuildPhase section */

/* Begin PBXGroup section */
		41F9BECC2B4E1DEB00C49300 = {
			isa = PBXGroup;
			children = (
				41F9BED72B4E1DEB00C49300 /* SwiftUIPDFs */,
				41F9BED62B4E1DEB00C49300 /* Products */,
			);
			sourceTree = "<group>";
		};
		41F9BED62B4E1DEB00C49300 /* Products */ = {
			isa = PBXGroup;
			children = (
				41F9BED52B4E1DEB00C49300 /* SwiftUIPDFs.app */,
			);
			name = Products;
			sourceTree = "<group>";
		};
		41F9BED72B4E1DEB00C49300 /* SwiftUIPDFs */ = {
			isa = PBXGroup;
			children = (
				41F9BED82B4E1DEB00C49300 /* SwiftUIPDFsApp.swift */,
				41F9BEDA2B4E1DEB00C49300 /* SharePDFView.swift */,
				41F9BEE62B4E208200C49300 /* PDFView.swift */,
				41F9BEF02B4E3DD100C49300 /* Constants.swift */,
				41F9BEEA2B4E21C200C49300 /* PDFCreator.swift */,
				41F9BEEE2B4E3ABF00C49300 /* PDFInfo.swift */,
				41F9BEDC2B4E1DEC00C49300 /* Assets.xcassets */,
				41F9BEDE2B4E1DEC00C49300 /* Preview Content */,
			);
			path = SwiftUIPDFs;
			sourceTree = "<group>";
		};
		41F9BEDE2B4E1DEC00C49300 /* Preview Content */ = {
			isa = PBXGroup;
			children = (
				41F9BEDF2B4E1DEC00C49300 /* Preview Assets.xcassets */,
			);
			path = "Preview Content";
			sourceTree = "<group>";
		};
/* End PBXGroup section */

/* Begin PBXNativeTarget section */
		41F9BED42B4E1DEB00C49300 /* SwiftUIPDFs */ = {
			isa = PBXNativeTarget;
			buildConfigurationList = 41F9BEE32B4E1DEC00C49300 /* Build configuration list for PBXNativeTarget "SwiftUIPDFs" */;
			buildPhases = (
				41F9BED12B4E1DEB00C49300 /* Sources */,
				41F9BED22B4E1DEB00C49300 /* Frameworks */,
				41F9BED32B4E1DEB00C49300 /* Resources */,
			);
			buildRules = (
			);
			dependencies = (
			);
			name = SwiftUIPDFs;
			productName = SwiftUIPDFs;
			productReference = 41F9BED52B4E1DEB00C49300 /* SwiftUIPDFs.app */;
			productType = "com.apple.product-type.application";
		};
/* End PBXNativeTarget section */

/* Begin PBXProject section */
		41F9BECD2B4E1DEB00C49300 /* Project object */ = {
			isa = PBXProject;
			attributes = {
				BuildIndependentTargetsInParallel = 1;
				LastSwiftUpdateCheck = 1510;
				LastUpgradeCheck = 1510;
				TargetAttributes = {
					41F9BED42B4E1DEB00C49300 = {
						CreatedOnToolsVersion = 15.1;
					};
				};
			};
			buildConfigurationList = 41F9BED02B4E1DEB00C49300 /* Build configuration list for PBXProject "SwiftUIPDFs" */;
			compatibilityVersion = "Xcode 14.0";
			developmentRegion = en;
			hasScannedForEncodings = 0;
			knownRegions = (
				en,
				Base,
			);
			mainGroup = 41F9BECC2B4E1DEB00C49300;
			productRefGroup = 41F9BED62B4E1DEB00C49300 /* Products */;
			projectDirPath = "";
			projectRoot = "";
			targets = (
				41F9BED42B4E1DEB00C49300 /* SwiftUIPDFs */,
			);
		};
/* End PBXProject section */

/* Begin PBXResourcesBuildPhase section */
		41F9BED32B4E1DEB00C49300 /* Resources */ = {
			isa = PBXResourcesBuildPhase;
			buildActionMask = 2147483647;
			files = (
				41F9BEE02B4E1DEC00C49300 /* Preview Assets.xcassets in Resources */,
				41F9BEDD2B4E1DEC00C49300 /* Assets.xcassets in Resources */,
			);
			runOnlyForDeploymentPostprocessing = 0;
		};
/* End PBXResourcesBuildPhase section */

/* Begin PBXSourcesBuildPhase section */
		41F9BED12B4E1DEB00C49300 /* Sources */ = {
			isa = PBXSourcesBuildPhase;
			buildActionMask = 2147483647;
			files = (
				41F9BEEF2B4E3ABF00C49300 /* PDFInfo.swift in Sources */,
				41F9BEE72B4E208200C49300 /* PDFView.swift in Sources */,
				41F9BEDB2B4E1DEB00C49300 /* SharePDFView.swift in Sources */,
				41F9BED92B4E1DEB00C49300 /* SwiftUIPDFsApp.swift in Sources */,
				41F9BEEB2B4E21C200C49300 /* PDFCreator.swift in Sources */,
				41F9BEF12B4E3DD100C49300 /* Constants.swift in Sources */,
			);
			runOnlyForDeploymentPostprocessing = 0;
		};
/* End PBXSourcesBuildPhase section */

/* Begin XCBuildConfiguration section */
		41F9BEE12B4E1DEC00C49300 /* Debug */ = {
			isa = XCBuildConfiguration;
			buildSettings = {
				ALWAYS_SEARCH_USER_PATHS = NO;
				ASSETCATALOG_COMPILER_GENERATE_SWIFT_ASSET_SYMBOL_EXTENSIONS = YES;
				CLANG_ANALYZER_NONNULL = YES;
				CLANG_ANALYZER_NUMBER_OBJECT_CONVERSION = YES_AGGRESSIVE;
				CLANG_CXX_LANGUAGE_STANDARD = "gnu++20";
				CLANG_ENABLE_MODULES = YES;
				CLANG_ENABLE_OBJC_ARC = YES;
				CLANG_ENABLE_OBJC_WEAK = YES;
				CLANG_WARN_BLOCK_CAPTURE_AUTORELEASING = YES;
				CLANG_WARN_BOOL_CONVERSION = YES;
				CLANG_WARN_COMMA = YES;
				CLANG_WARN_CONSTANT_CONVERSION = YES;
				CLANG_WARN_DEPRECATED_OBJC_IMPLEMENTATIONS = YES;
				CLANG_WARN_DIRECT_OBJC_ISA_USAGE = YES_ERROR;
				CLANG_WARN_DOCUMENTATION_COMMENTS = YES;
				CLANG_WARN_EMPTY_BODY = YES;
				CLANG_WARN_ENUM_CONVERSION = YES;
				CLANG_WARN_INFINITE_RECURSION = YES;
				CLANG_WARN_INT_CONVERSION = YES;
				CLANG_WARN_NON_LITERAL_NULL_CONVERSION = YES;
				CLANG_WARN_OBJC_IMPLICIT_RETAIN_SELF = YES;
				CLANG_WARN_OBJC_LITERAL_CONVERSION = YES;
				CLANG_WARN_OBJC_ROOT_CLASS = YES_ERROR;
				CLANG_WARN_QUOTED_INCLUDE_IN_FRAMEWORK_HEADER = YES;
				CLANG_WARN_RANGE_LOOP_ANALYSIS = YES;
				CLANG_WARN_STRICT_PROTOTYPES = YES;
				CLANG_WARN_SUSPICIOUS_MOVE = YES;
				CLANG_WARN_UNGUARDED_AVAILABILITY = YES_AGGRESSIVE;
				CLANG_WARN_UNREACHABLE_CODE = YES;
				CLANG_WARN__DUPLICATE_METHOD_MATCH = YES;
				COPY_PHASE_STRIP = NO;
				DEBUG_INFORMATION_FORMAT = dwarf;
				ENABLE_STRICT_OBJC_MSGSEND = YES;
				ENABLE_TESTABILITY = YES;
				ENABLE_USER_SCRIPT_SANDBOXING = YES;
				GCC_C_LANGUAGE_STANDARD = gnu17;
				GCC_DYNAMIC_NO_PIC = NO;
				GCC_NO_COMMON_BLOCKS = YES;
				GCC_OPTIMIZATION_LEVEL = 0;
				GCC_PREPROCESSOR_DEFINITIONS = (
					"DEBUG=1",
					"$(inherited)",
				);
				GCC_WARN_64_TO_32_BIT_CONVERSION = YES;
				GCC_WARN_ABOUT_RETURN_TYPE = YES_ERROR;
				GCC_WARN_UNDECLARED_SELECTOR = YES;
				GCC_WARN_UNINITIALIZED_AUTOS = YES_AGGRESSIVE;
				GCC_WARN_UNUSED_FUNCTION = YES;
				GCC_WARN_UNUSED_VARIABLE = YES;
				IPHONEOS_DEPLOYMENT_TARGET = 17.2;
				LOCALIZATION_PREFERS_STRING_CATALOGS = YES;
				MTL_ENABLE_DEBUG_INFO = INCLUDE_SOURCE;
				MTL_FAST_MATH = YES;
				ONLY_ACTIVE_ARCH = YES;
				SDKROOT = iphoneos;
				SWIFT_ACTIVE_COMPILATION_CONDITIONS = "DEBUG $(inherited)";
				SWIFT_OPTIMIZATION_LEVEL = "-Onone";
			};
			name = Debug;
		};
		41F9BEE22B4E1DEC00C49300 /* Release */ = {
			isa = XCBuildConfiguration;
			buildSettings = {
				ALWAYS_SEARCH_USER_PATHS = NO;
				ASSETCATALOG_COMPILER_GENERATE_SWIFT_ASSET_SYMBOL_EXTENSIONS = YES;
				CLANG_ANALYZER_NONNULL = YES;
				CLANG_ANALYZER_NUMBER_OBJECT_CONVERSION = YES_AGGRESSIVE;
				CLANG_CXX_LANGUAGE_STANDARD = "gnu++20";
				CLANG_ENABLE_MODULES = YES;
				CLANG_ENABLE_OBJC_ARC = YES;
				CLANG_ENABLE_OBJC_WEAK = YES;
				CLANG_WARN_BLOCK_CAPTURE_AUTORELEASING = YES;
				CLANG_WARN_BOOL_CONVERSION = YES;
				CLANG_WARN_COMMA = YES;
				CLANG_WARN_CONSTANT_CONVERSION = YES;
				CLANG_WARN_DEPRECATED_OBJC_IMPLEMENTATIONS = YES;
				CLANG_WARN_DIRECT_OBJC_ISA_USAGE = YES_ERROR;
				CLANG_WARN_DOCUMENTATION_COMMENTS = YES;
				CLANG_WARN_EMPTY_BODY = YES;
				CLANG_WARN_ENUM_CONVERSION = YES;
				CLANG_WARN_INFINITE_RECURSION = YES;
				CLANG_WARN_INT_CONVERSION = YES;
				CLANG_WARN_NON_LITERAL_NULL_CONVERSION = YES;
				CLANG_WARN_OBJC_IMPLICIT_RETAIN_SELF = YES;
				CLANG_WARN_OBJC_LITERAL_CONVERSION = YES;
				CLANG_WARN_OBJC_ROOT_CLASS = YES_ERROR;
				CLANG_WARN_QUOTED_INCLUDE_IN_FRAMEWORK_HEADER = YES;
				CLANG_WARN_RANGE_LOOP_ANALYSIS = YES;
				CLANG_WARN_STRICT_PROTOTYPES = YES;
				CLANG_WARN_SUSPICIOUS_MOVE = YES;
				CLANG_WARN_UNGUARDED_AVAILABILITY = YES_AGGRESSIVE;
				CLANG_WARN_UNREACHABLE_CODE = YES;
				CLANG_WARN__DUPLICATE_METHOD_MATCH = YES;
				COPY_PHASE_STRIP = NO;
				DEBUG_INFORMATION_FORMAT = "dwarf-with-dsym";
				ENABLE_NS_ASSERTIONS = NO;
				ENABLE_STRICT_OBJC_MSGSEND = YES;
				ENABLE_USER_SCRIPT_SANDBOXING = YES;
				GCC_C_LANGUAGE_STANDARD = gnu17;
				GCC_NO_COMMON_BLOCKS = YES;
				GCC_WARN_64_TO_32_BIT_CONVERSION = YES;
				GCC_WARN_ABOUT_RETURN_TYPE = YES_ERROR;
				GCC_WARN_UNDECLARED_SELECTOR = YES;
				GCC_WARN_UNINITIALIZED_AUTOS = YES_AGGRESSIVE;
				GCC_WARN_UNUSED_FUNCTION = YES;
				GCC_WARN_UNUSED_VARIABLE = YES;
				IPHONEOS_DEPLOYMENT_TARGET = 17.2;
				LOCALIZATION_PREFERS_STRING_CATALOGS = YES;
				MTL_ENABLE_DEBUG_INFO = NO;
				MTL_FAST_MATH = YES;
				SDKROOT = iphoneos;
				SWIFT_COMPILATION_MODE = wholemodule;
				VALIDATE_PRODUCT = YES;
			};
			name = Release;
		};
		41F9BEE42B4E1DEC00C49300 /* Debug */ = {
			isa = XCBuildConfiguration;
			buildSettings = {
				ASSETCATALOG_COMPILER_APPICON_NAME = AppIcon;
				ASSETCATALOG_COMPILER_GLOBAL_ACCENT_COLOR_NAME = AccentColor;
				CODE_SIGN_STYLE = Automatic;
				CURRENT_PROJECT_VERSION = 1;
				DEVELOPMENT_ASSET_PATHS = "\"SwiftUIPDFs/Preview Content\"";
				DEVELOPMENT_TEAM = 74F7R7Q86C;
				ENABLE_PREVIEWS = YES;
				GENERATE_INFOPLIST_FILE = YES;
				INFOPLIST_KEY_UIApplicationSceneManifest_Generation = YES;
				INFOPLIST_KEY_UIApplicationSupportsIndirectInputEvents = YES;
				INFOPLIST_KEY_UILaunchScreen_Generation = YES;
				INFOPLIST_KEY_UISupportedInterfaceOrientations_iPad = "UIInterfaceOrientationPortrait UIInterfaceOrientationPortraitUpsideDown UIInterfaceOrientationLandscapeLeft UIInterfaceOrientationLandscapeRight";
				INFOPLIST_KEY_UISupportedInterfaceOrientations_iPhone = "UIInterfaceOrientationPortrait UIInterfaceOrientationLandscapeLeft UIInterfaceOrientationLandscapeRight";
				LD_RUNPATH_SEARCH_PATHS = (
					"$(inherited)",
					"@executable_path/Frameworks",
				);
				MARKETING_VERSION = 1.0;
				PRODUCT_BUNDLE_IDENTIFIER = momchilov.SwiftUIPDFs;
				PRODUCT_NAME = "$(TARGET_NAME)";
				SWIFT_EMIT_LOC_STRINGS = YES;
				SWIFT_VERSION = 5.0;
				TARGETED_DEVICE_FAMILY = "1,2";
			};
			name = Debug;
		};
		41F9BEE52B4E1DEC00C49300 /* Release */ = {
			isa = XCBuildConfiguration;
			buildSettings = {
				ASSETCATALOG_COMPILER_APPICON_NAME = AppIcon;
				ASSETCATALOG_COMPILER_GLOBAL_ACCENT_COLOR_NAME = AccentColor;
				CODE_SIGN_STYLE = Automatic;
				CURRENT_PROJECT_VERSION = 1;
				DEVELOPMENT_ASSET_PATHS = "\"SwiftUIPDFs/Preview Content\"";
				DEVELOPMENT_TEAM = 74F7R7Q86C;
				ENABLE_PREVIEWS = YES;
				GENERATE_INFOPLIST_FILE = YES;
				INFOPLIST_KEY_UIApplicationSceneManifest_Generation = YES;
				INFOPLIST_KEY_UIApplicationSupportsIndirectInputEvents = YES;
				INFOPLIST_KEY_UILaunchScreen_Generation = YES;
				INFOPLIST_KEY_UISupportedInterfaceOrientations_iPad = "UIInterfaceOrientationPortrait UIInterfaceOrientationPortraitUpsideDown UIInterfaceOrientationLandscapeLeft UIInterfaceOrientationLandscapeRight";
				INFOPLIST_KEY_UISupportedInterfaceOrientations_iPhone = "UIInterfaceOrientationPortrait UIInterfaceOrientationLandscapeLeft UIInterfaceOrientationLandscapeRight";
				LD_RUNPATH_SEARCH_PATHS = (
					"$(inherited)",
					"@executable_path/Frameworks",
				);
				MARKETING_VERSION = 1.0;
				PRODUCT_BUNDLE_IDENTIFIER = momchilov.SwiftUIPDFs;
				PRODUCT_NAME = "$(TARGET_NAME)";
				SWIFT_EMIT_LOC_STRINGS = YES;
				SWIFT_VERSION = 5.0;
				TARGETED_DEVICE_FAMILY = "1,2";
			};
			name = Release;
		};
/* End XCBuildConfiguration section */

/* Begin XCConfigurationList section */
		41F9BED02B4E1DEB00C49300 /* Build configuration list for PBXProject "SwiftUIPDFs" */ = {
			isa = XCConfigurationList;
			buildConfigurations = (
				41F9BEE12B4E1DEC00C49300 /* Debug */,
				41F9BEE22B4E1DEC00C49300 /* Release */,
			);
			defaultConfigurationIsVisible = 0;
			defaultConfigurationName = Release;
		};
		41F9BEE32B4E1DEC00C49300 /* Build configuration list for PBXNativeTarget "SwiftUIPDFs" */ = {
			isa = XCConfigurationList;
			buildConfigurations = (
				41F9BEE42B4E1DEC00C49300 /* Debug */,
				41F9BEE52B4E1DEC00C49300 /* Release */,
			);
			defaultConfigurationIsVisible = 0;
			defaultConfigurationName = Release;
		};
/* End XCConfigurationList section */
	};
	rootObject = 41F9BECD2B4E1DEB00C49300 /* Project object */;
}
